
Microsoft Visual Studio Solution File, Format Version 12.00
# Visual Studio 14
VisualStudioVersion = 14.0.25123.0
MinimumVisualStudioVersion = 10.0.40219.1
Project("{8BC9CEB8-8B4A-11D0-8D11-00A0C91BC942}") = "Lesson 001 - Hello World", "Lesson 001 - Hello World\Lesson 001 - Hello World.vcxproj", "{7D0E384B-13AA-4295-A254-789E3BB03DDB}"
EndProject
Project("{8BC9CEB8-8B4A-11D0-8D11-00A0C91BC942}") = "Lesson 002 - data types", "Lesson 002 - data types\Lesson 002 - data types.vcxproj", "{2F82BEBD-732D-4400-89BE-FBAD576ACCDA}"
EndProject
Project("{8BC9CEB8-8B4A-11D0-8D11-00A0C91BC942}") = "Lesson 003 - data structures", "Lesson 003 - data structures\Lesson 003 - data structures.vcxproj", "{F38450B9-E443-43FC-8C6B-27D3FFEF20E5}"
EndProject
Project("{8BC9CEB8-8B4A-11D0-8D11-00A0C91BC942}") = "Lesson 004 - pointers", "Lesson 004 - pointers\Lesson 004 - pointers.vcxproj", "{18754C7E-9B14-4242-AD6C-269B65779DD1}"
EndProject
Project("{8BC9CEB8-8B4A-11D0-8D11-00A0C91BC942}") = "Lesson 005 - references", "Lesson 005 - references\Lesson 005 - references.vcxproj", "{A8427CDC-3519-4D59-91D3-9D3F26F1A76E}"
EndProject
Project("{8BC9CEB8-8B4A-11D0-8D11-00A0C91BC942}") = "Lesson 006 - functions", "Lesson 006 - functions\Lesson 006 - functions.vcxproj", "{FB037521-BAA2-4F07-A9B9-CD30B6185D96}"
EndProject
Project("{8BC9CEB8-8B4A-11D0-8D11-00A0C91BC942}") = "Lesson 007 - operators and precedence", "Lesson 007 - operators and precedence\Lesson 007 - operators and precedence.vcxproj", "{A2E5A2BF-8451-407B-B168-63C52C6FB872}"
EndProject
Project("{8BC9CEB8-8B4A-11D0-8D11-00A0C91BC942}") = "Lesson 008 - conditions", "Lesson 008 - conditions\Lesson 008 - conditions.vcxproj", "{80EC64C1-ECC4-4D59-AF2F-6DD73641CBD7}"
EndProject
Project("{8BC9CEB8-8B4A-11D0-8D11-00A0C91BC942}") = "Lesson 009 - loops", "Lesson 009 - loops\Lesson 009 - loops.vcxproj", "{5178FA8B-0236-4C0E-AA76-7B2E3717DAF5}"
EndProject
Project("{8BC9CEB8-8B4A-11D0-8D11-00A0C91BC942}") = "Lesson 010 - arrays", "Lesson 010 - arrays\Lesson 010 - arrays.vcxproj", "{A7B65D18-472D-444C-A9F2-19063021BCF4}"
EndProject
Project("{8BC9CEB8-8B4A-11D0-8D11-00A0C91BC942}") = "Lesson 011 - pointers and dynamic memory", "Lesson 011 - pointers and dynamic memory\Lesson 011 - pointers and dynamic memory.vcxproj", "{081E780C-303F-4B99-BC7F-BFDDAC8CA4E4}"
EndProject
Project("{8BC9CEB8-8B4A-11D0-8D11-00A0C91BC942}") = "Lesson 012 - advanced pointers", "Lesson 012 - advanced pointers\Lesson 012 - advanced pointers.vcxproj", "{24A15A92-D130-426C-B567-0D06B97D7331}"
EndProject
Project("{8BC9CEB8-8B4A-11D0-8D11-00A0C91BC942}") = "Lesson 013 - constant data", "Lesson 013 - constant data\Lesson 013 - constant data.vcxproj", "{FC849E59-13D0-433E-857B-4EB3B4660911}"
EndProject
Project("{8BC9CEB8-8B4A-11D0-8D11-00A0C91BC942}") = "Lesson 014 - constants and references", "Lesson 014 - constants and references\Lesson 014 - constants and references.vcxproj", "{CC6D533D-D346-406B-BC3D-8FF84846D122}"
EndProject
Project("{8BC9CEB8-8B4A-11D0-8D11-00A0C91BC942}") = "Lesson 015 - constants and pointers", "Lesson 015 - constants and pointers\Lesson 015 - constants and pointers.vcxproj", "{197E492E-3DB2-4316-B39A-36E3B5E4BB19}"
EndProject
Project("{8BC9CEB8-8B4A-11D0-8D11-00A0C91BC942}") = "Lesson 016 - function main", "Lesson 016 - function main\Lesson 016 - function main.vcxproj", "{5D4785B1-BB2E-4634-AFBB-08FCACCCC592}"
EndProject
Project("{8BC9CEB8-8B4A-11D0-8D11-00A0C91BC942}") = "Lesson 017 - typedef", "Lesson 017 - typedef\Lesson 017 - typedef.vcxproj", "{6828FFD2-B3A2-4AFB-B979-4247A37E1511}"
EndProject
Project("{8BC9CEB8-8B4A-11D0-8D11-00A0C91BC942}") = "Lesson 018 - union", "Lesson 018 - union\Lesson 018 - union.vcxproj", "{5EBEACBF-94FB-4DA6-9F4D-6A62F2D93A8A}"
EndProject
Project("{8BC9CEB8-8B4A-11D0-8D11-00A0C91BC942}") = "Lesson 019 - signed and unsigned integers", "Lesson 019 - signed and unsigned integers\Lesson 019 - signed and unsigned integers.vcxproj", "{8D5220AC-B771-4CED-BB0D-23874AEAED52}"
EndProject
Project("{8BC9CEB8-8B4A-11D0-8D11-00A0C91BC942}") = "Lesson 020 - casting data", "Lesson 020 - casting data\Lesson 020 - casting data.vcxproj", "{DF3CF072-78A6-4BC0-90EB-0F2067C278BE}"
EndProject
Global
	GlobalSection(SolutionConfigurationPlatforms) = preSolution
		Debug|x64 = Debug|x64
		Debug|x86 = Debug|x86
		Release|x64 = Release|x64
		Release|x86 = Release|x86
	EndGlobalSection
	GlobalSection(ProjectConfigurationPlatforms) = postSolution
		{7D0E384B-13AA-4295-A254-789E3BB03DDB}.Debug|x64.ActiveCfg = Debug|x64
		{7D0E384B-13AA-4295-A254-789E3BB03DDB}.Debug|x64.Build.0 = Debug|x64
		{7D0E384B-13AA-4295-A254-789E3BB03DDB}.Debug|x86.ActiveCfg = Debug|Win32
		{7D0E384B-13AA-4295-A254-789E3BB03DDB}.Debug|x86.Build.0 = Debug|Win32
		{7D0E384B-13AA-4295-A254-789E3BB03DDB}.Release|x64.ActiveCfg = Release|x64
		{7D0E384B-13AA-4295-A254-789E3BB03DDB}.Release|x64.Build.0 = Release|x64
		{7D0E384B-13AA-4295-A254-789E3BB03DDB}.Release|x86.ActiveCfg = Release|Win32
		{7D0E384B-13AA-4295-A254-789E3BB03DDB}.Release|x86.Build.0 = Release|Win32
		{2F82BEBD-732D-4400-89BE-FBAD576ACCDA}.Debug|x64.ActiveCfg = Debug|x64
		{2F82BEBD-732D-4400-89BE-FBAD576ACCDA}.Debug|x64.Build.0 = Debug|x64
		{2F82BEBD-732D-4400-89BE-FBAD576ACCDA}.Debug|x86.ActiveCfg = Debug|Win32
		{2F82BEBD-732D-4400-89BE-FBAD576ACCDA}.Debug|x86.Build.0 = Debug|Win32
		{2F82BEBD-732D-4400-89BE-FBAD576ACCDA}.Release|x64.ActiveCfg = Release|x64
		{2F82BEBD-732D-4400-89BE-FBAD576ACCDA}.Release|x64.Build.0 = Release|x64
		{2F82BEBD-732D-4400-89BE-FBAD576ACCDA}.Release|x86.ActiveCfg = Release|Win32
		{2F82BEBD-732D-4400-89BE-FBAD576ACCDA}.Release|x86.Build.0 = Release|Win32
		{F38450B9-E443-43FC-8C6B-27D3FFEF20E5}.Debug|x64.ActiveCfg = Debug|x64
		{F38450B9-E443-43FC-8C6B-27D3FFEF20E5}.Debug|x64.Build.0 = Debug|x64
		{F38450B9-E443-43FC-8C6B-27D3FFEF20E5}.Debug|x86.ActiveCfg = Debug|Win32
		{F38450B9-E443-43FC-8C6B-27D3FFEF20E5}.Debug|x86.Build.0 = Debug|Win32
		{F38450B9-E443-43FC-8C6B-27D3FFEF20E5}.Release|x64.ActiveCfg = Release|x64
		{F38450B9-E443-43FC-8C6B-27D3FFEF20E5}.Release|x64.Build.0 = Release|x64
		{F38450B9-E443-43FC-8C6B-27D3FFEF20E5}.Release|x86.ActiveCfg = Release|Win32
		{F38450B9-E443-43FC-8C6B-27D3FFEF20E5}.Release|x86.Build.0 = Release|Win32
		{18754C7E-9B14-4242-AD6C-269B65779DD1}.Debug|x64.ActiveCfg = Debug|x64
		{18754C7E-9B14-4242-AD6C-269B65779DD1}.Debug|x64.Build.0 = Debug|x64
		{18754C7E-9B14-4242-AD6C-269B65779DD1}.Debug|x86.ActiveCfg = Debug|Win32
		{18754C7E-9B14-4242-AD6C-269B65779DD1}.Debug|x86.Build.0 = Debug|Win32
		{18754C7E-9B14-4242-AD6C-269B65779DD1}.Release|x64.ActiveCfg = Release|x64
		{18754C7E-9B14-4242-AD6C-269B65779DD1}.Release|x64.Build.0 = Release|x64
		{18754C7E-9B14-4242-AD6C-269B65779DD1}.Release|x86.ActiveCfg = Release|Win32
		{18754C7E-9B14-4242-AD6C-269B65779DD1}.Release|x86.Build.0 = Release|Win32
		{A8427CDC-3519-4D59-91D3-9D3F26F1A76E}.Debug|x64.ActiveCfg = Debug|x64
		{A8427CDC-3519-4D59-91D3-9D3F26F1A76E}.Debug|x64.Build.0 = Debug|x64
		{A8427CDC-3519-4D59-91D3-9D3F26F1A76E}.Debug|x86.ActiveCfg = Debug|Win32
		{A8427CDC-3519-4D59-91D3-9D3F26F1A76E}.Debug|x86.Build.0 = Debug|Win32
		{A8427CDC-3519-4D59-91D3-9D3F26F1A76E}.Release|x64.ActiveCfg = Release|x64
		{A8427CDC-3519-4D59-91D3-9D3F26F1A76E}.Release|x64.Build.0 = Release|x64
		{A8427CDC-3519-4D59-91D3-9D3F26F1A76E}.Release|x86.ActiveCfg = Release|Win32
		{A8427CDC-3519-4D59-91D3-9D3F26F1A76E}.Release|x86.Build.0 = Release|Win32
		{FB037521-BAA2-4F07-A9B9-CD30B6185D96}.Debug|x64.ActiveCfg = Debug|x64
		{FB037521-BAA2-4F07-A9B9-CD30B6185D96}.Debug|x64.Build.0 = Debug|x64
		{FB037521-BAA2-4F07-A9B9-CD30B6185D96}.Debug|x86.ActiveCfg = Debug|Win32
		{FB037521-BAA2-4F07-A9B9-CD30B6185D96}.Debug|x86.Build.0 = Debug|Win32
		{FB037521-BAA2-4F07-A9B9-CD30B6185D96}.Release|x64.ActiveCfg = Release|x64
		{FB037521-BAA2-4F07-A9B9-CD30B6185D96}.Release|x64.Build.0 = Release|x64
		{FB037521-BAA2-4F07-A9B9-CD30B6185D96}.Release|x86.ActiveCfg = Release|Win32
		{FB037521-BAA2-4F07-A9B9-CD30B6185D96}.Release|x86.Build.0 = Release|Win32
		{A2E5A2BF-8451-407B-B168-63C52C6FB872}.Debug|x64.ActiveCfg = Debug|x64
		{A2E5A2BF-8451-407B-B168-63C52C6FB872}.Debug|x64.Build.0 = Debug|x64
		{A2E5A2BF-8451-407B-B168-63C52C6FB872}.Debug|x86.ActiveCfg = Debug|Win32
		{A2E5A2BF-8451-407B-B168-63C52C6FB872}.Debug|x86.Build.0 = Debug|Win32
		{A2E5A2BF-8451-407B-B168-63C52C6FB872}.Release|x64.ActiveCfg = Release|x64
		{A2E5A2BF-8451-407B-B168-63C52C6FB872}.Release|x64.Build.0 = Release|x64
		{A2E5A2BF-8451-407B-B168-63C52C6FB872}.Release|x86.ActiveCfg = Release|Win32
		{A2E5A2BF-8451-407B-B168-63C52C6FB872}.Release|x86.Build.0 = Release|Win32
		{80EC64C1-ECC4-4D59-AF2F-6DD73641CBD7}.Debug|x64.ActiveCfg = Debug|x64
		{80EC64C1-ECC4-4D59-AF2F-6DD73641CBD7}.Debug|x64.Build.0 = Debug|x64
		{80EC64C1-ECC4-4D59-AF2F-6DD73641CBD7}.Debug|x86.ActiveCfg = Debug|Win32
		{80EC64C1-ECC4-4D59-AF2F-6DD73641CBD7}.Debug|x86.Build.0 = Debug|Win32
		{80EC64C1-ECC4-4D59-AF2F-6DD73641CBD7}.Release|x64.ActiveCfg = Release|x64
		{80EC64C1-ECC4-4D59-AF2F-6DD73641CBD7}.Release|x64.Build.0 = Release|x64
		{80EC64C1-ECC4-4D59-AF2F-6DD73641CBD7}.Release|x86.ActiveCfg = Release|Win32
		{80EC64C1-ECC4-4D59-AF2F-6DD73641CBD7}.Release|x86.Build.0 = Release|Win32
		{5178FA8B-0236-4C0E-AA76-7B2E3717DAF5}.Debug|x64.ActiveCfg = Debug|x64
		{5178FA8B-0236-4C0E-AA76-7B2E3717DAF5}.Debug|x64.Build.0 = Debug|x64
		{5178FA8B-0236-4C0E-AA76-7B2E3717DAF5}.Debug|x86.ActiveCfg = Debug|Win32
		{5178FA8B-0236-4C0E-AA76-7B2E3717DAF5}.Debug|x86.Build.0 = Debug|Win32
		{5178FA8B-0236-4C0E-AA76-7B2E3717DAF5}.Release|x64.ActiveCfg = Release|x64
		{5178FA8B-0236-4C0E-AA76-7B2E3717DAF5}.Release|x64.Build.0 = Release|x64
		{5178FA8B-0236-4C0E-AA76-7B2E3717DAF5}.Release|x86.ActiveCfg = Release|Win32
		{5178FA8B-0236-4C0E-AA76-7B2E3717DAF5}.Release|x86.Build.0 = Release|Win32
		{A7B65D18-472D-444C-A9F2-19063021BCF4}.Debug|x64.ActiveCfg = Debug|x64
		{A7B65D18-472D-444C-A9F2-19063021BCF4}.Debug|x64.Build.0 = Debug|x64
		{A7B65D18-472D-444C-A9F2-19063021BCF4}.Debug|x86.ActiveCfg = Debug|Win32
		{A7B65D18-472D-444C-A9F2-19063021BCF4}.Debug|x86.Build.0 = Debug|Win32
		{A7B65D18-472D-444C-A9F2-19063021BCF4}.Release|x64.ActiveCfg = Release|x64
		{A7B65D18-472D-444C-A9F2-19063021BCF4}.Release|x64.Build.0 = Release|x64
		{A7B65D18-472D-444C-A9F2-19063021BCF4}.Release|x86.ActiveCfg = Release|Win32
		{A7B65D18-472D-444C-A9F2-19063021BCF4}.Release|x86.Build.0 = Release|Win32
		{081E780C-303F-4B99-BC7F-BFDDAC8CA4E4}.Debug|x64.ActiveCfg = Debug|x64
		{081E780C-303F-4B99-BC7F-BFDDAC8CA4E4}.Debug|x64.Build.0 = Debug|x64
		{081E780C-303F-4B99-BC7F-BFDDAC8CA4E4}.Debug|x86.ActiveCfg = Debug|Win32
		{081E780C-303F-4B99-BC7F-BFDDAC8CA4E4}.Debug|x86.Build.0 = Debug|Win32
		{081E780C-303F-4B99-BC7F-BFDDAC8CA4E4}.Release|x64.ActiveCfg = Release|x64
		{081E780C-303F-4B99-BC7F-BFDDAC8CA4E4}.Release|x64.Build.0 = Release|x64
		{081E780C-303F-4B99-BC7F-BFDDAC8CA4E4}.Release|x86.ActiveCfg = Release|Win32
		{081E780C-303F-4B99-BC7F-BFDDAC8CA4E4}.Release|x86.Build.0 = Release|Win32
		{24A15A92-D130-426C-B567-0D06B97D7331}.Debug|x64.ActiveCfg = Debug|x64
		{24A15A92-D130-426C-B567-0D06B97D7331}.Debug|x64.Build.0 = Debug|x64
		{24A15A92-D130-426C-B567-0D06B97D7331}.Debug|x86.ActiveCfg = Debug|Win32
		{24A15A92-D130-426C-B567-0D06B97D7331}.Debug|x86.Build.0 = Debug|Win32
		{24A15A92-D130-426C-B567-0D06B97D7331}.Release|x64.ActiveCfg = Release|x64
		{24A15A92-D130-426C-B567-0D06B97D7331}.Release|x64.Build.0 = Release|x64
		{24A15A92-D130-426C-B567-0D06B97D7331}.Release|x86.ActiveCfg = Release|Win32
		{24A15A92-D130-426C-B567-0D06B97D7331}.Release|x86.Build.0 = Release|Win32
		{FC849E59-13D0-433E-857B-4EB3B4660911}.Debug|x64.ActiveCfg = Debug|x64
		{FC849E59-13D0-433E-857B-4EB3B4660911}.Debug|x64.Build.0 = Debug|x64
		{FC849E59-13D0-433E-857B-4EB3B4660911}.Debug|x86.ActiveCfg = Debug|Win32
		{FC849E59-13D0-433E-857B-4EB3B4660911}.Debug|x86.Build.0 = Debug|Win32
		{FC849E59-13D0-433E-857B-4EB3B4660911}.Release|x64.ActiveCfg = Release|x64
		{FC849E59-13D0-433E-857B-4EB3B4660911}.Release|x64.Build.0 = Release|x64
		{FC849E59-13D0-433E-857B-4EB3B4660911}.Release|x86.ActiveCfg = Release|Win32
		{FC849E59-13D0-433E-857B-4EB3B4660911}.Release|x86.Build.0 = Release|Win32
		{CC6D533D-D346-406B-BC3D-8FF84846D122}.Debug|x64.ActiveCfg = Debug|x64
		{CC6D533D-D346-406B-BC3D-8FF84846D122}.Debug|x64.Build.0 = Debug|x64
		{CC6D533D-D346-406B-BC3D-8FF84846D122}.Debug|x86.ActiveCfg = Debug|Win32
		{CC6D533D-D346-406B-BC3D-8FF84846D122}.Debug|x86.Build.0 = Debug|Win32
		{CC6D533D-D346-406B-BC3D-8FF84846D122}.Release|x64.ActiveCfg = Release|x64
		{CC6D533D-D346-406B-BC3D-8FF84846D122}.Release|x64.Build.0 = Release|x64
		{CC6D533D-D346-406B-BC3D-8FF84846D122}.Release|x86.ActiveCfg = Release|Win32
		{CC6D533D-D346-406B-BC3D-8FF84846D122}.Release|x86.Build.0 = Release|Win32
		{197E492E-3DB2-4316-B39A-36E3B5E4BB19}.Debug|x64.ActiveCfg = Debug|x64
		{197E492E-3DB2-4316-B39A-36E3B5E4BB19}.Debug|x64.Build.0 = Debug|x64
		{197E492E-3DB2-4316-B39A-36E3B5E4BB19}.Debug|x86.ActiveCfg = Debug|Win32
		{197E492E-3DB2-4316-B39A-36E3B5E4BB19}.Debug|x86.Build.0 = Debug|Win32
		{197E492E-3DB2-4316-B39A-36E3B5E4BB19}.Release|x64.ActiveCfg = Release|x64
		{197E492E-3DB2-4316-B39A-36E3B5E4BB19}.Release|x64.Build.0 = Release|x64
		{197E492E-3DB2-4316-B39A-36E3B5E4BB19}.Release|x86.ActiveCfg = Release|Win32
		{197E492E-3DB2-4316-B39A-36E3B5E4BB19}.Release|x86.Build.0 = Release|Win32
		{5D4785B1-BB2E-4634-AFBB-08FCACCCC592}.Debug|x64.ActiveCfg = Debug|x64
		{5D4785B1-BB2E-4634-AFBB-08FCACCCC592}.Debug|x64.Build.0 = Debug|x64
		{5D4785B1-BB2E-4634-AFBB-08FCACCCC592}.Debug|x86.ActiveCfg = Debug|Win32
		{5D4785B1-BB2E-4634-AFBB-08FCACCCC592}.Debug|x86.Build.0 = Debug|Win32
		{5D4785B1-BB2E-4634-AFBB-08FCACCCC592}.Release|x64.ActiveCfg = Release|x64
		{5D4785B1-BB2E-4634-AFBB-08FCACCCC592}.Release|x64.Build.0 = Release|x64
		{5D4785B1-BB2E-4634-AFBB-08FCACCCC592}.Release|x86.ActiveCfg = Release|Win32
		{5D4785B1-BB2E-4634-AFBB-08FCACCCC592}.Release|x86.Build.0 = Release|Win32
		{6828FFD2-B3A2-4AFB-B979-4247A37E1511}.Debug|x64.ActiveCfg = Debug|x64
		{6828FFD2-B3A2-4AFB-B979-4247A37E1511}.Debug|x64.Build.0 = Debug|x64
		{6828FFD2-B3A2-4AFB-B979-4247A37E1511}.Debug|x86.ActiveCfg = Debug|Win32
		{6828FFD2-B3A2-4AFB-B979-4247A37E1511}.Debug|x86.Build.0 = Debug|Win32
		{6828FFD2-B3A2-4AFB-B979-4247A37E1511}.Release|x64.ActiveCfg = Release|x64
		{6828FFD2-B3A2-4AFB-B979-4247A37E1511}.Release|x64.Build.0 = Release|x64
		{6828FFD2-B3A2-4AFB-B979-4247A37E1511}.Release|x86.ActiveCfg = Release|Win32
		{6828FFD2-B3A2-4AFB-B979-4247A37E1511}.Release|x86.Build.0 = Release|Win32
		{5EBEACBF-94FB-4DA6-9F4D-6A62F2D93A8A}.Debug|x64.ActiveCfg = Debug|x64
		{5EBEACBF-94FB-4DA6-9F4D-6A62F2D93A8A}.Debug|x64.Build.0 = Debug|x64
		{5EBEACBF-94FB-4DA6-9F4D-6A62F2D93A8A}.Debug|x86.ActiveCfg = Debug|Win32
		{5EBEACBF-94FB-4DA6-9F4D-6A62F2D93A8A}.Debug|x86.Build.0 = Debug|Win32
		{5EBEACBF-94FB-4DA6-9F4D-6A62F2D93A8A}.Release|x64.ActiveCfg = Release|x64
		{5EBEACBF-94FB-4DA6-9F4D-6A62F2D93A8A}.Release|x64.Build.0 = Release|x64
		{5EBEACBF-94FB-4DA6-9F4D-6A62F2D93A8A}.Release|x86.ActiveCfg = Release|Win32
		{5EBEACBF-94FB-4DA6-9F4D-6A62F2D93A8A}.Release|x86.Build.0 = Release|Win32
		{8D5220AC-B771-4CED-BB0D-23874AEAED52}.Debug|x64.ActiveCfg = Debug|x64
		{8D5220AC-B771-4CED-BB0D-23874AEAED52}.Debug|x64.Build.0 = Debug|x64
		{8D5220AC-B771-4CED-BB0D-23874AEAED52}.Debug|x86.ActiveCfg = Debug|Win32
		{8D5220AC-B771-4CED-BB0D-23874AEAED52}.Debug|x86.Build.0 = Debug|Win32
		{8D5220AC-B771-4CED-BB0D-23874AEAED52}.Release|x64.ActiveCfg = Release|x64
		{8D5220AC-B771-4CED-BB0D-23874AEAED52}.Release|x64.Build.0 = Release|x64
		{8D5220AC-B771-4CED-BB0D-23874AEAED52}.Release|x86.ActiveCfg = Release|Win32
		{8D5220AC-B771-4CED-BB0D-23874AEAED52}.Release|x86.Build.0 = Release|Win32
		{DF3CF072-78A6-4BC0-90EB-0F2067C278BE}.Debug|x64.ActiveCfg = Debug|x64
		{DF3CF072-78A6-4BC0-90EB-0F2067C278BE}.Debug|x64.Build.0 = Debug|x64
		{DF3CF072-78A6-4BC0-90EB-0F2067C278BE}.Debug|x86.ActiveCfg = Debug|Win32
		{DF3CF072-78A6-4BC0-90EB-0F2067C278BE}.Debug|x86.Build.0 = Debug|Win32
		{DF3CF072-78A6-4BC0-90EB-0F2067C278BE}.Release|x64.ActiveCfg = Release|x64
		{DF3CF072-78A6-4BC0-90EB-0F2067C278BE}.Release|x64.Build.0 = Release|x64
		{DF3CF072-78A6-4BC0-90EB-0F2067C278BE}.Release|x86.ActiveCfg = Release|Win32
		{DF3CF072-78A6-4BC0-90EB-0F2067C278BE}.Release|x86.Build.0 = Release|Win32
	EndGlobalSection
	GlobalSection(SolutionProperties) = preSolution
		HideSolutionNode = FALSE
	EndGlobalSection
	GlobalSection(ExtensibilityGlobals) = postSolution
		SolutionGuid = {FDDACD5B-000B-44C2-B39A-CB3EB1A1EB50}
	EndGlobalSection
EndGlobal
